
Microsoft Visual Studio Solution File, Format Version 12.00
# Visual Studio 15
VisualStudioVersion = 15.0.28307.421
MinimumVisualStudioVersion = 10.0.40219.1
Project("{FAE04EC0-301F-11D3-BF4B-00C04F79EFBC}") = "Model", "Model\Model.csproj", "{578A3D2E-8E4B-4CC7-8EF2-DFB6CED495E3}"
EndProject
Global
	GlobalSection(SolutionConfigurationPlatforms) = preSolution
		Debug|Any CPU = Debug|Any CPU
		Release|Any CPU = Release|Any CPU
	EndGlobalSection
	GlobalSection(ProjectConfigurationPlatforms) = postSolution
		{578A3D2E-8E4B-4CC7-8EF2-DFB6CED495E3}.Debug|Any CPU.ActiveCfg = Debug|Any CPU
		{578A3D2E-8E4B-4CC7-8EF2-DFB6CED495E3}.Debug|Any CPU.Build.0 = Debug|Any CPU
		{578A3D2E-8E4B-4CC7-8EF2-DFB6CED495E3}.Release|Any CPU.ActiveCfg = Release|Any CPU
		{578A3D2E-8E4B-4CC7-8EF2-DFB6CED495E3}.Release|Any CPU.Build.0 = Release|Any CPU
	EndGlobalSection
	GlobalSection(SolutionProperties) = preSolution
		HideSolutionNode = FALSE
	EndGlobalSection
	GlobalSection(ExtensibilityGlobals) = postSolution
		SolutionGuid = {A4539F02-D5B5-417F-88E0-97AA0E89DCFA}
	EndGlobalSection
EndGlobal
